
Microsoft Visual Studio Solution File, Format Version 12.00
# Visual Studio Version 16
VisualStudioVersion = 16.0.30907.101
MinimumVisualStudioVersion = 10.0.40219.1
Project("{FAE04EC0-301F-11D3-BF4B-00C04F79EFBC}") = "patterns", "patterns\patterns.csproj", "{39134DA2-90EF-4298-9857-F46ED203B4B7}"
EndProject
Project("{FAE04EC0-301F-11D3-BF4B-00C04F79EFBC}") = "IntegrationTests", "IntegrationTests\IntegrationTests.csproj", "{970565B4-A57B-4E96-9956-DB28AF1C159F}"
EndProject
Global
	GlobalSection(SolutionConfigurationPlatforms) = preSolution
		Debug|Any CPU = Debug|Any CPU
		Release|Any CPU = Release|Any CPU
	EndGlobalSection
	GlobalSection(ProjectConfigurationPlatforms) = postSolution
		{39134DA2-90EF-4298-9857-F46ED203B4B7}.Debug|Any CPU.ActiveCfg = Debug|Any CPU
		{39134DA2-90EF-4298-9857-F46ED203B4B7}.Debug|Any CPU.Build.0 = Debug|Any CPU
		{39134DA2-90EF-4298-9857-F46ED203B4B7}.Release|Any CPU.ActiveCfg = Release|Any CPU
		{39134DA2-90EF-4298-9857-F46ED203B4B7}.Release|Any CPU.Build.0 = Release|Any CPU
		{970565B4-A57B-4E96-9956-DB28AF1C159F}.Debug|Any CPU.ActiveCfg = Debug|Any CPU
		{970565B4-A57B-4E96-9956-DB28AF1C159F}.Debug|Any CPU.Build.0 = Debug|Any CPU
		{970565B4-A57B-4E96-9956-DB28AF1C159F}.Release|Any CPU.ActiveCfg = Release|Any CPU
		{970565B4-A57B-4E96-9956-DB28AF1C159F}.Release|Any CPU.Build.0 = Release|Any CPU
	EndGlobalSection
	GlobalSection(SolutionProperties) = preSolution
		HideSolutionNode = FALSE
	EndGlobalSection
	GlobalSection(ExtensibilityGlobals) = postSolution
		SolutionGuid = {01577855-401A-4C9C-996B-DFBF14D3828E}
	EndGlobalSection
EndGlobal
